
Microsoft Visual Studio Solution File, Format Version 12.00
# Visual Studio Version 17
VisualStudioVersion = 17.14.36301.6 d17.14
MinimumVisualStudioVersion = 10.0.40219.1
Project("{FAE04EC0-301F-11D3-BF4B-00C04F79EFBC}") = "Logical operations", "Logical operations\Logical operations.csproj", "{43DA8C59-C353-4398-AF42-CFEA197A3EF9}"
EndProject
Global
	GlobalSection(SolutionConfigurationPlatforms) = preSolution
		Debug|Any CPU = Debug|Any CPU
		Release|Any CPU = Release|Any CPU
	EndGlobalSection
	GlobalSection(ProjectConfigurationPlatforms) = postSolution
		{43DA8C59-C353-4398-AF42-CFEA197A3EF9}.Debug|Any CPU.ActiveCfg = Debug|Any CPU
		{43DA8C59-C353-4398-AF42-CFEA197A3EF9}.Debug|Any CPU.Build.0 = Debug|Any CPU
		{43DA8C59-C353-4398-AF42-CFEA197A3EF9}.Release|Any CPU.ActiveCfg = Release|Any CPU
		{43DA8C59-C353-4398-AF42-CFEA197A3EF9}.Release|Any CPU.Build.0 = Release|Any CPU
	EndGlobalSection
	GlobalSection(SolutionProperties) = preSolution
		HideSolutionNode = FALSE
	EndGlobalSection
	GlobalSection(ExtensibilityGlobals) = postSolution
		SolutionGuid = {2E8976C0-17F0-4CBD-A095-3E99A13B86D9}
	EndGlobalSection
EndGlobal
